{
  "name": "example1",
  "version": "1.0.0",
  "lockfileVersion": 1,
  "requires": true,
  "dependencies": {
    "apparatus": {
      "version": "0.0.10",
      "resolved": "https://registry.npmjs.org/apparatus/-/apparatus-0.0.10.tgz",
      "integrity": "sha512-KLy/ugo33KZA7nugtQ7O0E1c8kQ52N3IvD/XgIh4w/Nr28ypfkwDfA67F1ev4N1m5D+BOk1+b2dEJDfpj/VvZg==",
      "requires": {
        "sylvester": "0.0.21"
      }
    },
    "articles": {
      "version": "0.2.2",
      "resolved": "https://registry.npmjs.org/articles/-/articles-0.2.2.tgz",
      "integrity": "sha512-S3Y4MPp+LD/l0HHm/4yrr6MoXhUkKT98ZdsV2tkTuBNywqUXEtvJT+NBO3KTSQEttc5EOwEJe2Xw8cZ9TI5Hrw=="
    },
    "lodash": {
      "version": "2.4.2",
      "resolved": "http://registry.npmjs.org/lodash/-/lodash-2.4.2.tgz",
      "integrity": "sha1-+t2DS5aDBz2hebPq5tnA0VBT9z4="
    },
    "natural": {
      "version": "0.1.29",
      "resolved": "http://registry.npmjs.org/natural/-/natural-0.1.29.tgz",
      "integrity": "sha1-WaN6bNhtVekEtlbTudpD/S3J4Eo=",
      "requires": {
        "apparatus": "0.0.10",
        "sylvester": "0.0.21",
        "underscore": "1.9.1"
      }
    },
    "prng-well1024a": {
      "version": "1.0.1",
      "resolved": "https://registry.npmjs.org/prng-well1024a/-/prng-well1024a-1.0.1.tgz",
      "integrity": "sha1-Bejtkj5OorP3ivXulPBWtNXPqyQ="
    },
    "randy": {
      "version": "1.5.1",
      "resolved": "https://registry.npmjs.org/randy/-/randy-1.5.1.tgz",
      "integrity": "sha1-59wIag7Li+99ZzVmQs0qM/liRlw=",
      "requires": {
        "prng-well1024a": "1.0.1"
      }
    },
    "sentencer": {
      "version": "0.1.5",
      "resolved": "https://registry.npmjs.org/sentencer/-/sentencer-0.1.5.tgz",
      "integrity": "sha1-HDURWBoAsiNhJ/+yH94X9PSGWeI=",
      "requires": {
        "articles": "0.2.2",
        "lodash": "2.4.2",
        "natural": "0.1.29",
        "randy": "1.5.1"
      }
    },
    "sylvester": {
      "version": "0.0.21",
      "resolved": "https://registry.npmjs.org/sylvester/-/sylvester-0.0.21.tgz",
      "integrity": "sha1-KYexzivS84sNzio0OIiEv6RADqc="
    },
    "underscore": {
      "version": "1.9.1",
      "resolved": "https://registry.npmjs.org/underscore/-/underscore-1.9.1.tgz",
      "integrity": "sha512-5/4etnCkd9c8gwgowi5/om/mYO5ajCaOgdzj/oW+0eQV9WxKBDZw5+ycmKmeaTXjInS/W0BzpGLo2xR2aBwZdg=="
    }
  }
}
